
Microsoft Visual Studio Solution File, Format Version 12.00
# Visual Studio 14
VisualStudioVersion = 14.0.25420.1
MinimumVisualStudioVersion = 10.0.40219.1
Project("{FAE04EC0-301F-11D3-BF4B-00C04F79EFBC}") = "TableRoller", "TableRoller\TableRoller.csproj", "{1D7FADBD-9C7A-42E4-9458-42C7127B7B33}"
EndProject
Project("{FAE04EC0-301F-11D3-BF4B-00C04F79EFBC}") = "GameBits", "..\GameBits\GameBits\GameBits\GameBits.csproj", "{C53ADB9C-C724-4B12-B8FA-E93B781A98F8}"
EndProject
Global
	GlobalSection(SolutionConfigurationPlatforms) = preSolution
		Debug|Any CPU = Debug|Any CPU
		Release|Any CPU = Release|Any CPU
	EndGlobalSection
	GlobalSection(ProjectConfigurationPlatforms) = postSolution
		{1D7FADBD-9C7A-42E4-9458-42C7127B7B33}.Debug|Any CPU.ActiveCfg = Debug|Any CPU
		{1D7FADBD-9C7A-42E4-9458-42C7127B7B33}.Debug|Any CPU.Build.0 = Debug|Any CPU
		{1D7FADBD-9C7A-42E4-9458-42C7127B7B33}.Release|Any CPU.ActiveCfg = Release|Any CPU
		{1D7FADBD-9C7A-42E4-9458-42C7127B7B33}.Release|Any CPU.Build.0 = Release|Any CPU
		{C53ADB9C-C724-4B12-B8FA-E93B781A98F8}.Debug|Any CPU.ActiveCfg = Debug|Any CPU
		{C53ADB9C-C724-4B12-B8FA-E93B781A98F8}.Debug|Any CPU.Build.0 = Debug|Any CPU
		{C53ADB9C-C724-4B12-B8FA-E93B781A98F8}.Release|Any CPU.ActiveCfg = Release|Any CPU
		{C53ADB9C-C724-4B12-B8FA-E93B781A98F8}.Release|Any CPU.Build.0 = Release|Any CPU
	EndGlobalSection
	GlobalSection(SolutionProperties) = preSolution
		HideSolutionNode = FALSE
	EndGlobalSection
EndGlobal
